
Microsoft Visual Studio Solution File, Format Version 12.00
# Visual Studio 15
Project("{FAE04EC0-301F-11D3-BF4B-00C04F79EFBC}") = "Assembly-CSharp", "Assembly-CSharp.csproj", "{F197C1ED-D184-6253-C5DF-51CF51F2A86A}"
EndProject
Project("{FAE04EC0-301F-11D3-BF4B-00C04F79EFBC}") = "Bezi.Editor", "Bezi.Editor.csproj", "{A8D34749-DBD9-CDE1-3323-27ED6C594BA1}"
EndProject
Global
	GlobalSection(SolutionConfigurationPlatforms) = preSolution
		Debug|Any CPU = Debug|Any CPU
		Release|Any CPU = Release|Any CPU
	EndGlobalSection
	GlobalSection(ProjectConfigurationPlatforms) = postSolution
		{F197C1ED-D184-6253-C5DF-51CF51F2A86A}.Debug|Any CPU.ActiveCfg = Debug|Any CPU
		{F197C1ED-D184-6253-C5DF-51CF51F2A86A}.Debug|Any CPU.Build.0 = Debug|Any CPU
		{F197C1ED-D184-6253-C5DF-51CF51F2A86A}.Release|Any CPU.ActiveCfg = Release|Any CPU
		{F197C1ED-D184-6253-C5DF-51CF51F2A86A}.Release|Any CPU.Build.0 = Release|Any CPU
		{A8D34749-DBD9-CDE1-3323-27ED6C594BA1}.Debug|Any CPU.ActiveCfg = Debug|Any CPU
		{A8D34749-DBD9-CDE1-3323-27ED6C594BA1}.Debug|Any CPU.Build.0 = Debug|Any CPU
		{A8D34749-DBD9-CDE1-3323-27ED6C594BA1}.Release|Any CPU.ActiveCfg = Release|Any CPU
		{A8D34749-DBD9-CDE1-3323-27ED6C594BA1}.Release|Any CPU.Build.0 = Release|Any CPU
	EndGlobalSection
	GlobalSection(SolutionProperties) = preSolution
		HideSolutionNode = FALSE
	EndGlobalSection
EndGlobal
