
Microsoft Visual Studio Solution File, Format Version 12.00
# Visual Studio 15
Project("{FAE04EC0-301F-11D3-BF4B-00C04F79EFBC}") = "Assembly-CSharp", "Assembly-CSharp.csproj", "{00ACD5F3-7193-A358-AC2E-E019E5CF38D0}"
EndProject
Project("{FAE04EC0-301F-11D3-BF4B-00C04F79EFBC}") = "Bezi.Editor", "Bezi.Editor.csproj", "{5685EE17-12BE-EB2E-BC3E-40927B1247C5}"
EndProject
Global
	GlobalSection(SolutionConfigurationPlatforms) = preSolution
		Debug|Any CPU = Debug|Any CPU
		Release|Any CPU = Release|Any CPU
	EndGlobalSection
	GlobalSection(ProjectConfigurationPlatforms) = postSolution
		{00ACD5F3-7193-A358-AC2E-E019E5CF38D0}.Debug|Any CPU.ActiveCfg = Debug|Any CPU
		{00ACD5F3-7193-A358-AC2E-E019E5CF38D0}.Debug|Any CPU.Build.0 = Debug|Any CPU
		{00ACD5F3-7193-A358-AC2E-E019E5CF38D0}.Release|Any CPU.ActiveCfg = Release|Any CPU
		{00ACD5F3-7193-A358-AC2E-E019E5CF38D0}.Release|Any CPU.Build.0 = Release|Any CPU
		{5685EE17-12BE-EB2E-BC3E-40927B1247C5}.Debug|Any CPU.ActiveCfg = Debug|Any CPU
		{5685EE17-12BE-EB2E-BC3E-40927B1247C5}.Debug|Any CPU.Build.0 = Debug|Any CPU
		{5685EE17-12BE-EB2E-BC3E-40927B1247C5}.Release|Any CPU.ActiveCfg = Release|Any CPU
		{5685EE17-12BE-EB2E-BC3E-40927B1247C5}.Release|Any CPU.Build.0 = Release|Any CPU
	EndGlobalSection
	GlobalSection(SolutionProperties) = preSolution
		HideSolutionNode = FALSE
	EndGlobalSection
EndGlobal
